
Microsoft Visual Studio Solution File, Format Version 12.00
# Visual Studio 15
VisualStudioVersion = 15.0.28307.572
MinimumVisualStudioVersion = 10.0.40219.1
Project("{8BC9CEB8-8B4A-11D0-8D11-00A0C91BC942}") = "coroutine", "coroutine.vcxproj", "{268333A6-55BD-4535-AFC8-0D783032C1CA}"
EndProject
Global
	GlobalSection(SolutionConfigurationPlatforms) = preSolution
		Debug|x64 = Debug|x64
		Debug|x86 = Debug|x86
		Release|x64 = Release|x64
		Release|x86 = Release|x86
	EndGlobalSection
	GlobalSection(ProjectConfigurationPlatforms) = postSolution
		{268333A6-55BD-4535-AFC8-0D783032C1CA}.Debug|x64.ActiveCfg = Debug|x64
		{268333A6-55BD-4535-AFC8-0D783032C1CA}.Debug|x64.Build.0 = Debug|x64
		{268333A6-55BD-4535-AFC8-0D783032C1CA}.Debug|x86.ActiveCfg = Debug|Win32
		{268333A6-55BD-4535-AFC8-0D783032C1CA}.Debug|x86.Build.0 = Debug|Win32
		{268333A6-55BD-4535-AFC8-0D783032C1CA}.Release|x64.ActiveCfg = Release|x64
		{268333A6-55BD-4535-AFC8-0D783032C1CA}.Release|x64.Build.0 = Release|x64
		{268333A6-55BD-4535-AFC8-0D783032C1CA}.Release|x86.ActiveCfg = Release|Win32
		{268333A6-55BD-4535-AFC8-0D783032C1CA}.Release|x86.Build.0 = Release|Win32
	EndGlobalSection
	GlobalSection(SolutionProperties) = preSolution
		HideSolutionNode = FALSE
	EndGlobalSection
	GlobalSection(ExtensibilityGlobals) = postSolution
		SolutionGuid = {49A30C84-6BA0-44D6-8789-CCAF865E896E}
	EndGlobalSection
EndGlobal
